// !$*UTF8*$!
{
	archiveVersion = 1;
	classes = {
	};
	objectVersion = 50;
	objects = {

/* Begin PBXBuildFile section */
		6059C403259704E900D00973 /* AppDelegate.swift in Sources */ = {isa = PBXBuildFile; fileRef = 6059C402259704E900D00973 /* AppDelegate.swift */; };
		6059C405259704E900D00973 /* SceneDelegate.swift in Sources */ = {isa = PBXBuildFile; fileRef = 6059C404259704E900D00973 /* SceneDelegate.swift */; };
		6059C407259704E900D00973 /* ContentView.swift in Sources */ = {isa = PBXBuildFile; fileRef = 6059C406259704E900D00973 /* ContentView.swift */; };
		6059C409259704EB00D00973 /* Assets.xcassets in Resources */ = {isa = PBXBuildFile; fileRef = 6059C408259704EB00D00973 /* Assets.xcassets */; };
		6059C40C259704EB00D00973 /* Preview Assets.xcassets in Resources */ = {isa = PBXBuildFile; fileRef = 6059C40B259704EB00D00973 /* Preview Assets.xcassets */; };
		6059C40F259704EB00D00973 /* LaunchScreen.storyboard in Resources */ = {isa = PBXBuildFile; fileRef = 6059C40D259704EB00D00973 /* LaunchScreen.storyboard */; };
		6059C41A259704EB00D00973 /* UITestingDemoTests.swift in Sources */ = {isa = PBXBuildFile; fileRef = 6059C419259704EB00D00973 /* UITestingDemoTests.swift */; };
		6059C425259704EB00D00973 /* UITestingDemoUITests.swift in Sources */ = {isa = PBXBuildFile; fileRef = 6059C424259704EB00D00973 /* UITestingDemoUITests.swift */; };
/* End PBXBuildFile section */

/* Begin PBXContainerItemProxy section */
		6059C416259704EB00D00973 /* PBXContainerItemProxy */ = {
			isa = PBXContainerItemProxy;
			containerPortal = 6059C3F7259704E900D00973 /* Project object */;
			proxyType = 1;
			remoteGlobalIDString = 6059C3FE259704E900D00973;
			remoteInfo = UITestingDemo;
		};
		6059C421259704EB00D00973 /* PBXContainerItemProxy */ = {
			isa = PBXContainerItemProxy;
			containerPortal = 6059C3F7259704E900D00973 /* Project object */;
			proxyType = 1;
			remoteGlobalIDString = 6059C3FE259704E900D00973;
			remoteInfo = UITestingDemo;
		};
/* End PBXContainerItemProxy section */

/* Begin PBXFileReference section */
		6059C3FF259704E900D00973 /* UITestingDemo.app */ = {isa = PBXFileReference; explicitFileType = wrapper.application; includeInIndex = 0; path = UITestingDemo.app; sourceTree = BUILT_PRODUCTS_DIR; };
		6059C402259704E900D00973 /* AppDelegate.swift */ = {isa = PBXFileReference; lastKnownFileType = sourcecode.swift; path = AppDelegate.swift; sourceTree = "<group>"; };
		6059C404259704E900D00973 /* SceneDelegate.swift */ = {isa = PBXFileReference; lastKnownFileType = sourcecode.swift; path = SceneDelegate.swift; sourceTree = "<group>"; };
		6059C406259704E900D00973 /* ContentView.swift */ = {isa = PBXFileReference; lastKnownFileType = sourcecode.swift; path = ContentView.swift; sourceTree = "<group>"; };
		6059C408259704EB00D00973 /* Assets.xcassets */ = {isa = PBXFileReference; lastKnownFileType = folder.assetcatalog; path = Assets.xcassets; sourceTree = "<group>"; };
		6059C40B259704EB00D00973 /* Preview Assets.xcassets */ = {isa = PBXFileReference; lastKnownFileType = folder.assetcatalog; path = "Preview Assets.xcassets"; sourceTree = "<group>"; };
		6059C40E259704EB00D00973 /* Base */ = {isa = PBXFileReference; lastKnownFileType = file.storyboard; name = Base; path = Base.lproj/LaunchScreen.storyboard; sourceTree = "<group>"; };
		6059C410259704EB00D00973 /* Info.plist */ = {isa = PBXFileReference; lastKnownFileType = text.plist.xml; path = Info.plist; sourceTree = "<group>"; };
		6059C415259704EB00D00973 /* UITestingDemoTests.xctest */ = {isa = PBXFileReference; explicitFileType = wrapper.cfbundle; includeInIndex = 0; path = UITestingDemoTests.xctest; sourceTree = BUILT_PRODUCTS_DIR; };
		6059C419259704EB00D00973 /* UITestingDemoTests.swift */ = {isa = PBXFileReference; lastKnownFileType = sourcecode.swift; path = UITestingDemoTests.swift; sourceTree = "<group>"; };
		6059C41B259704EB00D00973 /* Info.plist */ = {isa = PBXFileReference; lastKnownFileType = text.plist.xml; path = Info.plist; sourceTree = "<group>"; };
		6059C420259704EB00D00973 /* UITestingDemoUITests.xctest */ = {isa = PBXFileReference; explicitFileType = wrapper.cfbundle; includeInIndex = 0; path = UITestingDemoUITests.xctest; sourceTree = BUILT_PRODUCTS_DIR; };
		6059C424259704EB00D00973 /* UITestingDemoUITests.swift */ = {isa = PBXFileReference; lastKnownFileType = sourcecode.swift; path = UITestingDemoUITests.swift; sourceTree = "<group>"; };
		6059C426259704EB00D00973 /* Info.plist */ = {isa = PBXFileReference; lastKnownFileType = text.plist.xml; path = Info.plist; sourceTree = "<group>"; };
/* End PBXFileReference section */

/* Begin PBXFrameworksBuildPhase section */
		6059C3FC259704E900D00973 /* Frameworks */ = {
			isa = PBXFrameworksBuildPhase;
			buildActionMask = 2147483647;
			files = (
			);
			runOnlyForDeploymentPostprocessing = 0;
		};
		6059C412259704EB00D00973 /* Frameworks */ = {
			isa = PBXFrameworksBuildPhase;
			buildActionMask = 2147483647;
			files = (
			);
			runOnlyForDeploymentPostprocessing = 0;
		};
		6059C41D259704EB00D00973 /* Frameworks */ = {
			isa = PBXFrameworksBuildPhase;
			buildActionMask = 2147483647;
			files = (
			);
			runOnlyForDeploymentPostprocessing = 0;
		};
/* End PBXFrameworksBuildPhase section */

/* Begin PBXGroup section */
		6059C3F6259704E900D00973 = {
			isa = PBXGroup;
			children = (
				6059C401259704E900D00973 /* UITestingDemo */,
				6059C418259704EB00D00973 /* UITestingDemoTests */,
				6059C423259704EB00D00973 /* UITestingDemoUITests */,
				6059C400259704E900D00973 /* Products */,
			);
			sourceTree = "<group>";
		};
		6059C400259704E900D00973 /* Products */ = {
			isa = PBXGroup;
			children = (
				6059C3FF259704E900D00973 /* UITestingDemo.app */,
				6059C415259704EB00D00973 /* UITestingDemoTests.xctest */,
				6059C420259704EB00D00973 /* UITestingDemoUITests.xctest */,
			);
			name = Products;
			sourceTree = "<group>";
		};
		6059C401259704E900D00973 /* UITestingDemo */ = {
			isa = PBXGroup;
			children = (
				6059C402259704E900D00973 /* AppDelegate.swift */,
				6059C404259704E900D00973 /* SceneDelegate.swift */,
				6059C406259704E900D00973 /* ContentView.swift */,
				6059C408259704EB00D00973 /* Assets.xcassets */,
				6059C40D259704EB00D00973 /* LaunchScreen.storyboard */,
				6059C410259704EB00D00973 /* Info.plist */,
				6059C40A259704EB00D00973 /* Preview Content */,
			);
			path = UITestingDemo;
			sourceTree = "<group>";
		};
		6059C40A259704EB00D00973 /* Preview Content */ = {
			isa = PBXGroup;
			children = (
				6059C40B259704EB00D00973 /* Preview Assets.xcassets */,
			);
			path = "Preview Content";
			sourceTree = "<group>";
		};
		6059C418259704EB00D00973 /* UITestingDemoTests */ = {
			isa = PBXGroup;
			children = (
				6059C419259704EB00D00973 /* UITestingDemoTests.swift */,
				6059C41B259704EB00D00973 /* Info.plist */,
			);
			path = UITestingDemoTests;
			sourceTree = "<group>";
		};
		6059C423259704EB00D00973 /* UITestingDemoUITests */ = {
			isa = PBXGroup;
			children = (
				6059C424259704EB00D00973 /* UITestingDemoUITests.swift */,
				6059C426259704EB00D00973 /* Info.plist */,
			);
			path = UITestingDemoUITests;
			sourceTree = "<group>";
		};
/* End PBXGroup section */

/* Begin PBXNativeTarget section */
		6059C3FE259704E900D00973 /* UITestingDemo */ = {
			isa = PBXNativeTarget;
			buildConfigurationList = 6059C429259704EB00D00973 /* Build configuration list for PBXNativeTarget "UITestingDemo" */;
			buildPhases = (
				6059C3FB259704E900D00973 /* Sources */,
				6059C3FC259704E900D00973 /* Frameworks */,
				6059C3FD259704E900D00973 /* Resources */,
			);
			buildRules = (
			);
			dependencies = (
			);
			name = UITestingDemo;
			productName = UITestingDemo;
			productReference = 6059C3FF259704E900D00973 /* UITestingDemo.app */;
			productType = "com.apple.product-type.application";
		};
		6059C414259704EB00D00973 /* UITestingDemoTests */ = {
			isa = PBXNativeTarget;
			buildConfigurationList = 6059C42C259704EB00D00973 /* Build configuration list for PBXNativeTarget "UITestingDemoTests" */;
			buildPhases = (
				6059C411259704EB00D00973 /* Sources */,
				6059C412259704EB00D00973 /* Frameworks */,
				6059C413259704EB00D00973 /* Resources */,
			);
			buildRules = (
			);
			dependencies = (
				6059C417259704EB00D00973 /* PBXTargetDependency */,
			);
			name = UITestingDemoTests;
			productName = UITestingDemoTests;
			productReference = 6059C415259704EB00D00973 /* UITestingDemoTests.xctest */;
			productType = "com.apple.product-type.bundle.unit-test";
		};
		6059C41F259704EB00D00973 /* UITestingDemoUITests */ = {
			isa = PBXNativeTarget;
			buildConfigurationList = 6059C42F259704EB00D00973 /* Build configuration list for PBXNativeTarget "UITestingDemoUITests" */;
			buildPhases = (
				6059C41C259704EB00D00973 /* Sources */,
				6059C41D259704EB00D00973 /* Frameworks */,
				6059C41E259704EB00D00973 /* Resources */,
			);
			buildRules = (
			);
			dependencies = (
				6059C422259704EB00D00973 /* PBXTargetDependency */,
			);
			name = UITestingDemoUITests;
			productName = UITestingDemoUITests;
			productReference = 6059C420259704EB00D00973 /* UITestingDemoUITests.xctest */;
			productType = "com.apple.product-type.bundle.ui-testing";
		};
/* End PBXNativeTarget section */

/* Begin PBXProject section */
		6059C3F7259704E900D00973 /* Project object */ = {
			isa = PBXProject;
			attributes = {
				LastSwiftUpdateCheck = 1210;
				LastUpgradeCheck = 1210;
				TargetAttributes = {
					6059C3FE259704E900D00973 = {
						CreatedOnToolsVersion = 12.1;
					};
					6059C414259704EB00D00973 = {
						CreatedOnToolsVersion = 12.1;
						TestTargetID = 6059C3FE259704E900D00973;
					};
					6059C41F259704EB00D00973 = {
						CreatedOnToolsVersion = 12.1;
						TestTargetID = 6059C3FE259704E900D00973;
					};
				};
			};
			buildConfigurationList = 6059C3FA259704E900D00973 /* Build configuration list for PBXProject "UITestingDemo" */;
			compatibilityVersion = "Xcode 9.3";
			developmentRegion = en;
			hasScannedForEncodings = 0;
			knownRegions = (
				en,
				Base,
			);
			mainGroup = 6059C3F6259704E900D00973;
			productRefGroup = 6059C400259704E900D00973 /* Products */;
			projectDirPath = "";
			projectRoot = "";
			targets = (
				6059C3FE259704E900D00973 /* UITestingDemo */,
				6059C414259704EB00D00973 /* UITestingDemoTests */,
				6059C41F259704EB00D00973 /* UITestingDemoUITests */,
			);
		};
/* End PBXProject section */

/* Begin PBXResourcesBuildPhase section */
		6059C3FD259704E900D00973 /* Resources */ = {
			isa = PBXResourcesBuildPhase;
			buildActionMask = 2147483647;
			files = (
				6059C40F259704EB00D00973 /* LaunchScreen.storyboard in Resources */,
				6059C40C259704EB00D00973 /* Preview Assets.xcassets in Resources */,
				6059C409259704EB00D00973 /* Assets.xcassets in Resources */,
			);
			runOnlyForDeploymentPostprocessing = 0;
		};
		6059C413259704EB00D00973 /* Resources */ = {
			isa = PBXResourcesBuildPhase;
			buildActionMask = 2147483647;
			files = (
			);
			runOnlyForDeploymentPostprocessing = 0;
		};
		6059C41E259704EB00D00973 /* Resources */ = {
			isa = PBXResourcesBuildPhase;
			buildActionMask = 2147483647;
			files = (
			);
			runOnlyForDeploymentPostprocessing = 0;
		};
/* End PBXResourcesBuildPhase section */

/* Begin PBXSourcesBuildPhase section */
		6059C3FB259704E900D00973 /* Sources */ = {
			isa = PBXSourcesBuildPhase;
			buildActionMask = 2147483647;
			files = (
				6059C403259704E900D00973 /* AppDelegate.swift in Sources */,
				6059C405259704E900D00973 /* SceneDelegate.swift in Sources */,
				6059C407259704E900D00973 /* ContentView.swift in Sources */,
			);
			runOnlyForDeploymentPostprocessing = 0;
		};
		6059C411259704EB00D00973 /* Sources */ = {
			isa = PBXSourcesBuildPhase;
			buildActionMask = 2147483647;
			files = (
				6059C41A259704EB00D00973 /* UITestingDemoTests.swift in Sources */,
			);
			runOnlyForDeploymentPostprocessing = 0;
		};
		6059C41C259704EB00D00973 /* Sources */ = {
			isa = PBXSourcesBuildPhase;
			buildActionMask = 2147483647;
			files = (
				6059C425259704EB00D00973 /* UITestingDemoUITests.swift in Sources */,
			);
			runOnlyForDeploymentPostprocessing = 0;
		};
/* End PBXSourcesBuildPhase section */

/* Begin PBXTargetDependency section */
		6059C417259704EB00D00973 /* PBXTargetDependency */ = {
			isa = PBXTargetDependency;
			target = 6059C3FE259704E900D00973 /* UITestingDemo */;
			targetProxy = 6059C416259704EB00D00973 /* PBXContainerItemProxy */;
		};
		6059C422259704EB00D00973 /* PBXTargetDependency */ = {
			isa = PBXTargetDependency;
			target = 6059C3FE259704E900D00973 /* UITestingDemo */;
			targetProxy = 6059C421259704EB00D00973 /* PBXContainerItemProxy */;
		};
/* End PBXTargetDependency section */

/* Begin PBXVariantGroup section */
		6059C40D259704EB00D00973 /* LaunchScreen.storyboard */ = {
			isa = PBXVariantGroup;
			children = (
				6059C40E259704EB00D00973 /* Base */,
			);
			name = LaunchScreen.storyboard;
			sourceTree = "<group>";
		};
/* End PBXVariantGroup section */

/* Begin XCBuildConfiguration section */
		6059C427259704EB00D00973 /* Debug */ = {
			isa = XCBuildConfiguration;
			buildSettings = {
				ALWAYS_SEARCH_USER_PATHS = NO;
				CLANG_ANALYZER_NONNULL = YES;
				CLANG_ANALYZER_NUMBER_OBJECT_CONVERSION = YES_AGGRESSIVE;
				CLANG_CXX_LANGUAGE_STANDARD = "gnu++14";
				CLANG_CXX_LIBRARY = "libc++";
				CLANG_ENABLE_MODULES = YES;
				CLANG_ENABLE_OBJC_ARC = YES;
				CLANG_ENABLE_OBJC_WEAK = YES;
				CLANG_WARN_BLOCK_CAPTURE_AUTORELEASING = YES;
				CLANG_WARN_BOOL_CONVERSION = YES;
				CLANG_WARN_COMMA = YES;
				CLANG_WARN_CONSTANT_CONVERSION = YES;
				CLANG_WARN_DEPRECATED_OBJC_IMPLEMENTATIONS = YES;
				CLANG_WARN_DIRECT_OBJC_ISA_USAGE = YES_ERROR;
				CLANG_WARN_DOCUMENTATION_COMMENTS = YES;
				CLANG_WARN_EMPTY_BODY = YES;
				CLANG_WARN_ENUM_CONVERSION = YES;
				CLANG_WARN_INFINITE_RECURSION = YES;
				CLANG_WARN_INT_CONVERSION = YES;
				CLANG_WARN_NON_LITERAL_NULL_CONVERSION = YES;
				CLANG_WARN_OBJC_IMPLICIT_RETAIN_SELF = YES;
				CLANG_WARN_OBJC_LITERAL_CONVERSION = YES;
				CLANG_WARN_OBJC_ROOT_CLASS = YES_ERROR;
				CLANG_WARN_QUOTED_INCLUDE_IN_FRAMEWORK_HEADER = YES;
				CLANG_WARN_RANGE_LOOP_ANALYSIS = YES;
				CLANG_WARN_STRICT_PROTOTYPES = YES;
				CLANG_WARN_SUSPICIOUS_MOVE = YES;
				CLANG_WARN_UNGUARDED_AVAILABILITY = YES_AGGRESSIVE;
				CLANG_WARN_UNREACHABLE_CODE = YES;
				CLANG_WARN__DUPLICATE_METHOD_MATCH = YES;
				COPY_PHASE_STRIP = NO;
				DEBUG_INFORMATION_FORMAT = dwarf;
				ENABLE_STRICT_OBJC_MSGSEND = YES;
				ENABLE_TESTABILITY = YES;
				GCC_C_LANGUAGE_STANDARD = gnu11;
				GCC_DYNAMIC_NO_PIC = NO;
				GCC_NO_COMMON_BLOCKS = YES;
				GCC_OPTIMIZATION_LEVEL = 0;
				GCC_PREPROCESSOR_DEFINITIONS = (
					"DEBUG=1",
					"$(inherited)",
				);
				GCC_WARN_64_TO_32_BIT_CONVERSION = YES;
				GCC_WARN_ABOUT_RETURN_TYPE = YES_ERROR;
				GCC_WARN_UNDECLARED_SELECTOR = YES;
				GCC_WARN_UNINITIALIZED_AUTOS = YES_AGGRESSIVE;
				GCC_WARN_UNUSED_FUNCTION = YES;
				GCC_WARN_UNUSED_VARIABLE = YES;
				IPHONEOS_DEPLOYMENT_TARGET = 14.1;
				MTL_ENABLE_DEBUG_INFO = INCLUDE_SOURCE;
				MTL_FAST_MATH = YES;
				ONLY_ACTIVE_ARCH = YES;
				SDKROOT = iphoneos;
				SWIFT_ACTIVE_COMPILATION_CONDITIONS = DEBUG;
				SWIFT_OPTIMIZATION_LEVEL = "-Onone";
			};
			name = Debug;
		};
		6059C428259704EB00D00973 /* Release */ = {
			isa = XCBuildConfiguration;
			buildSettings = {
				ALWAYS_SEARCH_USER_PATHS = NO;
				CLANG_ANALYZER_NONNULL = YES;
				CLANG_ANALYZER_NUMBER_OBJECT_CONVERSION = YES_AGGRESSIVE;
				CLANG_CXX_LANGUAGE_STANDARD = "gnu++14";
				CLANG_CXX_LIBRARY = "libc++";
				CLANG_ENABLE_MODULES = YES;
				CLANG_ENABLE_OBJC_ARC = YES;
				CLANG_ENABLE_OBJC_WEAK = YES;
				CLANG_WARN_BLOCK_CAPTURE_AUTORELEASING = YES;
				CLANG_WARN_BOOL_CONVERSION = YES;
				CLANG_WARN_COMMA = YES;
				CLANG_WARN_CONSTANT_CONVERSION = YES;
				CLANG_WARN_DEPRECATED_OBJC_IMPLEMENTATIONS = YES;
				CLANG_WARN_DIRECT_OBJC_ISA_USAGE = YES_ERROR;
				CLANG_WARN_DOCUMENTATION_COMMENTS = YES;
				CLANG_WARN_EMPTY_BODY = YES;
				CLANG_WARN_ENUM_CONVERSION = YES;
				CLANG_WARN_INFINITE_RECURSION = YES;
				CLANG_WARN_INT_CONVERSION = YES;
				CLANG_WARN_NON_LITERAL_NULL_CONVERSION = YES;
				CLANG_WARN_OBJC_IMPLICIT_RETAIN_SELF = YES;
				CLANG_WARN_OBJC_LITERAL_CONVERSION = YES;
				CLANG_WARN_OBJC_ROOT_CLASS = YES_ERROR;
				CLANG_WARN_QUOTED_INCLUDE_IN_FRAMEWORK_HEADER = YES;
				CLANG_WARN_RANGE_LOOP_ANALYSIS = YES;
				CLANG_WARN_STRICT_PROTOTYPES = YES;
				CLANG_WARN_SUSPICIOUS_MOVE = YES;
				CLANG_WARN_UNGUARDED_AVAILABILITY = YES_AGGRESSIVE;
				CLANG_WARN_UNREACHABLE_CODE = YES;
				CLANG_WARN__DUPLICATE_METHOD_MATCH = YES;
				COPY_PHASE_STRIP = NO;
				DEBUG_INFORMATION_FORMAT = "dwarf-with-dsym";
				ENABLE_NS_ASSERTIONS = NO;
				ENABLE_STRICT_OBJC_MSGSEND = YES;
				GCC_C_LANGUAGE_STANDARD = gnu11;
				GCC_NO_COMMON_BLOCKS = YES;
				GCC_WARN_64_TO_32_BIT_CONVERSION = YES;
				GCC_WARN_ABOUT_RETURN_TYPE = YES_ERROR;
				GCC_WARN_UNDECLARED_SELECTOR = YES;
				GCC_WARN_UNINITIALIZED_AUTOS = YES_AGGRESSIVE;
				GCC_WARN_UNUSED_FUNCTION = YES;
				GCC_WARN_UNUSED_VARIABLE = YES;
				IPHONEOS_DEPLOYMENT_TARGET = 14.1;
				MTL_ENABLE_DEBUG_INFO = NO;
				MTL_FAST_MATH = YES;
				SDKROOT = iphoneos;
				SWIFT_COMPILATION_MODE = wholemodule;
				SWIFT_OPTIMIZATION_LEVEL = "-O";
				VALIDATE_PRODUCT = YES;
			};
			name = Release;
		};
		6059C42A259704EB00D00973 /* Debug */ = {
			isa = XCBuildConfiguration;
			buildSettings = {
				ASSETCATALOG_COMPILER_APPICON_NAME = AppIcon;
				ASSETCATALOG_COMPILER_GLOBAL_ACCENT_COLOR_NAME = AccentColor;
				CODE_SIGN_STYLE = Automatic;
				DEVELOPMENT_ASSET_PATHS = "\"UITestingDemo/Preview Content\"";
				DEVELOPMENT_TEAM = DD73F8592Z;
				ENABLE_PREVIEWS = YES;
				INFOPLIST_FILE = UITestingDemo/Info.plist;
				LD_RUNPATH_SEARCH_PATHS = (
					"$(inherited)",
					"@executable_path/Frameworks",
				);
				PRODUCT_BUNDLE_IDENTIFIER = knoxpo.UITestingDemo;
				PRODUCT_NAME = "$(TARGET_NAME)";
				SWIFT_VERSION = 5.0;
				TARGETED_DEVICE_FAMILY = "1,2";
			};
			name = Debug;
		};
		6059C42B259704EB00D00973 /* Release */ = {
			isa = XCBuildConfiguration;
			buildSettings = {
				ASSETCATALOG_COMPILER_APPICON_NAME = AppIcon;
				ASSETCATALOG_COMPILER_GLOBAL_ACCENT_COLOR_NAME = AccentColor;
				CODE_SIGN_STYLE = Automatic;
				DEVELOPMENT_ASSET_PATHS = "\"UITestingDemo/Preview Content\"";
				DEVELOPMENT_TEAM = DD73F8592Z;
				ENABLE_PREVIEWS = YES;
				INFOPLIST_FILE = UITestingDemo/Info.plist;
				LD_RUNPATH_SEARCH_PATHS = (
					"$(inherited)",
					"@executable_path/Frameworks",
				);
				PRODUCT_BUNDLE_IDENTIFIER = knoxpo.UITestingDemo;
				PRODUCT_NAME = "$(TARGET_NAME)";
				SWIFT_VERSION = 5.0;
				TARGETED_DEVICE_FAMILY = "1,2";
			};
			name = Release;
		};
		6059C42D259704EB00D00973 /* Debug */ = {
			isa = XCBuildConfiguration;
			buildSettings = {
				ALWAYS_EMBED_SWIFT_STANDARD_LIBRARIES = YES;
				BUNDLE_LOADER = "$(TEST_HOST)";
				CODE_SIGN_STYLE = Automatic;
				DEVELOPMENT_TEAM = DD73F8592Z;
				INFOPLIST_FILE = UITestingDemoTests/Info.plist;
				IPHONEOS_DEPLOYMENT_TARGET = 14.1;
				LD_RUNPATH_SEARCH_PATHS = (
					"$(inherited)",
					"@executable_path/Frameworks",
					"@loader_path/Frameworks",
				);
				PRODUCT_BUNDLE_IDENTIFIER = knoxpo.UITestingDemoTests;
				PRODUCT_NAME = "$(TARGET_NAME)";
				SWIFT_VERSION = 5.0;
				TARGETED_DEVICE_FAMILY = "1,2";
				TEST_HOST = "$(BUILT_PRODUCTS_DIR)/UITestingDemo.app/UITestingDemo";
			};
			name = Debug;
		};
		6059C42E259704EB00D00973 /* Release */ = {
			isa = XCBuildConfiguration;
			buildSettings = {
				ALWAYS_EMBED_SWIFT_STANDARD_LIBRARIES = YES;
				BUNDLE_LOADER = "$(TEST_HOST)";
				CODE_SIGN_STYLE = Automatic;
				DEVELOPMENT_TEAM = DD73F8592Z;
				INFOPLIST_FILE = UITestingDemoTests/Info.plist;
				IPHONEOS_DEPLOYMENT_TARGET = 14.1;
				LD_RUNPATH_SEARCH_PATHS = (
					"$(inherited)",
					"@executable_path/Frameworks",
					"@loader_path/Frameworks",
				);
				PRODUCT_BUNDLE_IDENTIFIER = knoxpo.UITestingDemoTests;
				PRODUCT_NAME = "$(TARGET_NAME)";
				SWIFT_VERSION = 5.0;
				TARGETED_DEVICE_FAMILY = "1,2";
				TEST_HOST = "$(BUILT_PRODUCTS_DIR)/UITestingDemo.app/UITestingDemo";
			};
			name = Release;
		};
		6059C430259704EB00D00973 /* Debug */ = {
			isa = XCBuildConfiguration;
			buildSettings = {
				ALWAYS_EMBED_SWIFT_STANDARD_LIBRARIES = YES;
				CODE_SIGN_STYLE = Automatic;
				DEVELOPMENT_TEAM = DD73F8592Z;
				INFOPLIST_FILE = UITestingDemoUITests/Info.plist;
				LD_RUNPATH_SEARCH_PATHS = (
					"$(inherited)",
					"@executable_path/Frameworks",
					"@loader_path/Frameworks",
				);
				PRODUCT_BUNDLE_IDENTIFIER = knoxpo.UITestingDemoUITests;
				PRODUCT_NAME = "$(TARGET_NAME)";
				SWIFT_VERSION = 5.0;
				TARGETED_DEVICE_FAMILY = "1,2";
				TEST_TARGET_NAME = UITestingDemo;
			};
			name = Debug;
		};
		6059C431259704EB00D00973 /* Release */ = {
			isa = XCBuildConfiguration;
			buildSettings = {
				ALWAYS_EMBED_SWIFT_STANDARD_LIBRARIES = YES;
				CODE_SIGN_STYLE = Automatic;
				DEVELOPMENT_TEAM = DD73F8592Z;
				INFOPLIST_FILE = UITestingDemoUITests/Info.plist;
				LD_RUNPATH_SEARCH_PATHS = (
					"$(inherited)",
					"@executable_path/Frameworks",
					"@loader_path/Frameworks",
				);
				PRODUCT_BUNDLE_IDENTIFIER = knoxpo.UITestingDemoUITests;
				PRODUCT_NAME = "$(TARGET_NAME)";
				SWIFT_VERSION = 5.0;
				TARGETED_DEVICE_FAMILY = "1,2";
				TEST_TARGET_NAME = UITestingDemo;
			};
			name = Release;
		};
/* End XCBuildConfiguration section */

/* Begin XCConfigurationList section */
		6059C3FA259704E900D00973 /* Build configuration list for PBXProject "UITestingDemo" */ = {
			isa = XCConfigurationList;
			buildConfigurations = (
				6059C427259704EB00D00973 /* Debug */,
				6059C428259704EB00D00973 /* Release */,
			);
			defaultConfigurationIsVisible = 0;
			defaultConfigurationName = Release;
		};
		6059C429259704EB00D00973 /* Build configuration list for PBXNativeTarget "UITestingDemo" */ = {
			isa = XCConfigurationList;
			buildConfigurations = (
				6059C42A259704EB00D00973 /* Debug */,
				6059C42B259704EB00D00973 /* Release */,
			);
			defaultConfigurationIsVisible = 0;
			defaultConfigurationName = Release;
		};
		6059C42C259704EB00D00973 /* Build configuration list for PBXNativeTarget "UITestingDemoTests" */ = {
			isa = XCConfigurationList;
			buildConfigurations = (
				6059C42D259704EB00D00973 /* Debug */,
				6059C42E259704EB00D00973 /* Release */,
			);
			defaultConfigurationIsVisible = 0;
			defaultConfigurationName = Release;
		};
		6059C42F259704EB00D00973 /* Build configuration list for PBXNativeTarget "UITestingDemoUITests" */ = {
			isa = XCConfigurationList;
			buildConfigurations = (
				6059C430259704EB00D00973 /* Debug */,
				6059C431259704EB00D00973 /* Release */,
			);
			defaultConfigurationIsVisible = 0;
			defaultConfigurationName = Release;
		};
/* End XCConfigurationList section */
	};
	rootObject = 6059C3F7259704E900D00973 /* Project object */;
}
